// !$*UTF8*$!
{
	archiveVersion = 1;
	classes = {
	};
	objectVersion = 46;
	objects = {

/* Begin PBXBuildFile section */
		426DD69A166EB60E009788A8 /* UIKit.framework in Frameworks */ = {isa = PBXBuildFile; fileRef = 426DD699166EB60E009788A8 /* UIKit.framework */; };
		426DD69C166EB60E009788A8 /* Foundation.framework in Frameworks */ = {isa = PBXBuildFile; fileRef = 426DD69B166EB60E009788A8 /* Foundation.framework */; };
		426DD69E166EB60E009788A8 /* CoreGraphics.framework in Frameworks */ = {isa = PBXBuildFile; fileRef = 426DD69D166EB60E009788A8 /* CoreGraphics.framework */; };
		426DD6A4166EB60E009788A8 /* InfoPlist.strings in Resources */ = {isa = PBXBuildFile; fileRef = 426DD6A2166EB60E009788A8 /* InfoPlist.strings */; };
		426DD6A6166EB60E009788A8 /* main.m in Sources */ = {isa = PBXBuildFile; fileRef = 426DD6A5166EB60E009788A8 /* main.m */; };
		426DD6AA166EB60E009788A8 /* BBAppDelegate.m in Sources */ = {isa = PBXBuildFile; fileRef = 426DD6A9166EB60E009788A8 /* BBAppDelegate.m */; };
		426DD6AD166EB60E009788A8 /* MainStoryboard.storyboard in Resources */ = {isa = PBXBuildFile; fileRef = 426DD6AB166EB60E009788A8 /* MainStoryboard.storyboard */; };
		426DD6B0166EB60E009788A8 /* BBMainViewController.m in Sources */ = {isa = PBXBuildFile; fileRef = 426DD6AF166EB60E009788A8 /* BBMainViewController.m */; };
		426DD6BA166EB6AB009788A8 /* Accelerate.framework in Frameworks */ = {isa = PBXBuildFile; fileRef = 426DD6B9166EB6AB009788A8 /* Accelerate.framework */; };
		426EE343167CC54F00197912 /* bark.c in Sources */ = {isa = PBXBuildFile; fileRef = 426EE342167CC54F00197912 /* bark.c */; };
		426EE345167CC74200197912 /* util.c in Sources */ = {isa = PBXBuildFile; fileRef = 426EE344167CC74200197912 /* util.c */; };
		426EE348167CE74D00197912 /* BBAudioModel.m in Sources */ = {isa = PBXBuildFile; fileRef = 426EE347167CE74D00197912 /* BBAudioModel.m */; };
		426EE34B167CE79500197912 /* AudioToolbox.framework in Frameworks */ = {isa = PBXBuildFile; fileRef = 426EE349167CE79500197912 /* AudioToolbox.framework */; };
		609E1279166FF30200BF1C58 /* OptionsScrollView.xib in Resources */ = {isa = PBXBuildFile; fileRef = 609E1278166FF30200BF1C58 /* OptionsScrollView.xib */; };
		609E12831670603500BF1C58 /* OptionsView.xib in Resources */ = {isa = PBXBuildFile; fileRef = 609E12821670603500BF1C58 /* OptionsView.xib */; };
		609E12851670607E00BF1C58 /* bubble2.png in Resources */ = {isa = PBXBuildFile; fileRef = 609E12841670607E00BF1C58 /* bubble2.png */; };
		609E12871670609C00BF1C58 /* Default-568h@2x.png in Resources */ = {isa = PBXBuildFile; fileRef = 609E12861670609C00BF1C58 /* Default-568h@2x.png */; };
		609E1315167265DF00BF1C58 /* fft.c in Sources */ = {isa = PBXBuildFile; fileRef = 609E1312167265DF00BF1C58 /* fft.c */; };
		60BBB6CB169B898500E8E155 /* GLKit.framework in Frameworks */ = {isa = PBXBuildFile; fileRef = 60BBB6C9169B896500E8E155 /* GLKit.framework */; };
		60BBB6CC169B898C00E8E155 /* OpenGLES.framework in Frameworks */ = {isa = PBXBuildFile; fileRef = 60BBB6C6169B895B00E8E155 /* OpenGLES.framework */; };
		60BBB6CE169B89BA00E8E155 /* BBGLKitView.xib in Resources */ = {isa = PBXBuildFile; fileRef = 60BBB6CD169B89BA00E8E155 /* BBGLKitView.xib */; };
		60BBB6D4169B8AC100E8E155 /* BBGLKitViewController.m in Sources */ = {isa = PBXBuildFile; fileRef = 60BBB6D3169B8AC100E8E155 /* BBGLKitViewController.m */; };
		60BBB6DD169C81F100E8E155 /* TREEllipse.m in Sources */ = {isa = PBXBuildFile; fileRef = 60BBB6DA169C7F3B00E8E155 /* TREEllipse.m */; };
		60BBB6DE169C81F700E8E155 /* TREShape.m in Sources */ = {isa = PBXBuildFile; fileRef = 60BBB6DC169C7F3C00E8E155 /* TREShape.m */; };
/* End PBXBuildFile section */

/* Begin PBXFileReference section */
		426DD695166EB60E009788A8 /* Bubble Beat.app */ = {isa = PBXFileReference; explicitFileType = wrapper.application; includeInIndex = 0; path = "Bubble Beat.app"; sourceTree = BUILT_PRODUCTS_DIR; };
		426DD699166EB60E009788A8 /* UIKit.framework */ = {isa = PBXFileReference; lastKnownFileType = wrapper.framework; name = UIKit.framework; path = System/Library/Frameworks/UIKit.framework; sourceTree = SDKROOT; };
		426DD69B166EB60E009788A8 /* Foundation.framework */ = {isa = PBXFileReference; lastKnownFileType = wrapper.framework; name = Foundation.framework; path = System/Library/Frameworks/Foundation.framework; sourceTree = SDKROOT; };
		426DD69D166EB60E009788A8 /* CoreGraphics.framework */ = {isa = PBXFileReference; lastKnownFileType = wrapper.framework; name = CoreGraphics.framework; path = System/Library/Frameworks/CoreGraphics.framework; sourceTree = SDKROOT; };
		426DD6A1166EB60E009788A8 /* Bubble Beat-Info.plist */ = {isa = PBXFileReference; lastKnownFileType = text.plist.xml; path = "Bubble Beat-Info.plist"; sourceTree = "<group>"; };
		426DD6A3166EB60E009788A8 /* en */ = {isa = PBXFileReference; lastKnownFileType = text.plist.strings; name = en; path = en.lproj/InfoPlist.strings; sourceTree = "<group>"; };
		426DD6A5166EB60E009788A8 /* main.m */ = {isa = PBXFileReference; lastKnownFileType = sourcecode.c.objc; path = main.m; sourceTree = "<group>"; };
		426DD6A7166EB60E009788A8 /* Bubble Beat-Prefix.pch */ = {isa = PBXFileReference; lastKnownFileType = sourcecode.c.h; path = "Bubble Beat-Prefix.pch"; sourceTree = "<group>"; };
		426DD6A8166EB60E009788A8 /* BBAppDelegate.h */ = {isa = PBXFileReference; lastKnownFileType = sourcecode.c.h; path = BBAppDelegate.h; sourceTree = "<group>"; };
		426DD6A9166EB60E009788A8 /* BBAppDelegate.m */ = {isa = PBXFileReference; lastKnownFileType = sourcecode.c.objc; path = BBAppDelegate.m; sourceTree = "<group>"; };
		426DD6AC166EB60E009788A8 /* en */ = {isa = PBXFileReference; lastKnownFileType = file.storyboard; name = en; path = en.lproj/MainStoryboard.storyboard; sourceTree = "<group>"; };
		426DD6AE166EB60E009788A8 /* BBMainViewController.h */ = {isa = PBXFileReference; lastKnownFileType = sourcecode.c.h; path = BBMainViewController.h; sourceTree = "<group>"; };
		426DD6AF166EB60E009788A8 /* BBMainViewController.m */ = {isa = PBXFileReference; lastKnownFileType = sourcecode.c.objc; path = BBMainViewController.m; sourceTree = "<group>"; };
		426DD6B9166EB6AB009788A8 /* Accelerate.framework */ = {isa = PBXFileReference; lastKnownFileType = wrapper.framework; name = Accelerate.framework; path = System/Library/Frameworks/Accelerate.framework; sourceTree = SDKROOT; };
		426EE340167CC49300197912 /* bark.h */ = {isa = PBXFileReference; lastKnownFileType = sourcecode.c.h; path = bark.h; sourceTree = "<group>"; };
		426EE342167CC54F00197912 /* bark.c */ = {isa = PBXFileReference; fileEncoding = 4; lastKnownFileType = sourcecode.c.c; path = bark.c; sourceTree = "<group>"; };
		426EE344167CC74200197912 /* util.c */ = {isa = PBXFileReference; fileEncoding = 4; lastKnownFileType = sourcecode.c.c; path = util.c; sourceTree = "<group>"; };
		426EE346167CE74D00197912 /* BBAudioModel.h */ = {isa = PBXFileReference; fileEncoding = 4; lastKnownFileType = sourcecode.c.h; path = BBAudioModel.h; sourceTree = "<group>"; };
		426EE347167CE74D00197912 /* BBAudioModel.m */ = {isa = PBXFileReference; fileEncoding = 4; lastKnownFileType = sourcecode.c.objc; path = BBAudioModel.m; sourceTree = "<group>"; };
		426EE349167CE79500197912 /* AudioToolbox.framework */ = {isa = PBXFileReference; lastKnownFileType = wrapper.framework; name = AudioToolbox.framework; path = System/Library/Frameworks/AudioToolbox.framework; sourceTree = SDKROOT; };
		609E1278166FF30200BF1C58 /* OptionsScrollView.xib */ = {isa = PBXFileReference; fileEncoding = 4; lastKnownFileType = file.xib; path = OptionsScrollView.xib; sourceTree = "<group>"; };
		609E12821670603500BF1C58 /* OptionsView.xib */ = {isa = PBXFileReference; fileEncoding = 4; lastKnownFileType = file.xib; path = OptionsView.xib; sourceTree = "<group>"; };
		609E12841670607E00BF1C58 /* bubble2.png */ = {isa = PBXFileReference; lastKnownFileType = image.png; name = bubble2.png; path = Graphics/bubble2.png; sourceTree = "<group>"; };
		609E12861670609C00BF1C58 /* Default-568h@2x.png */ = {isa = PBXFileReference; lastKnownFileType = image.png; name = "Default-568h@2x.png"; path = "Graphics/Default-568h@2x.png"; sourceTree = "<group>"; };
		609E1311167265DF00BF1C58 /* constants.h */ = {isa = PBXFileReference; fileEncoding = 4; lastKnownFileType = sourcecode.c.h; path = constants.h; sourceTree = "<group>"; };
		609E1312167265DF00BF1C58 /* fft.c */ = {isa = PBXFileReference; fileEncoding = 4; lastKnownFileType = sourcecode.c.c; path = fft.c; sourceTree = "<group>"; };
		609E1313167265DF00BF1C58 /* fft.h */ = {isa = PBXFileReference; fileEncoding = 4; lastKnownFileType = sourcecode.c.h; path = fft.h; sourceTree = "<group>"; };
		609E1314167265DF00BF1C58 /* util.h */ = {isa = PBXFileReference; fileEncoding = 4; lastKnownFileType = sourcecode.c.h; path = util.h; sourceTree = "<group>"; };
		60BBB6C6169B895B00E8E155 /* OpenGLES.framework */ = {isa = PBXFileReference; lastKnownFileType = wrapper.framework; name = OpenGLES.framework; path = System/Library/Frameworks/OpenGLES.framework; sourceTree = SDKROOT; };
		60BBB6C9169B896500E8E155 /* GLKit.framework */ = {isa = PBXFileReference; lastKnownFileType = wrapper.framework; name = GLKit.framework; path = System/Library/Frameworks/GLKit.framework; sourceTree = SDKROOT; };
		60BBB6CD169B89BA00E8E155 /* BBGLKitView.xib */ = {isa = PBXFileReference; fileEncoding = 4; lastKnownFileType = file.xib; name = BBGLKitView.xib; path = ../BBGLKitView.xib; sourceTree = "<group>"; };
		60BBB6D2169B8AC100E8E155 /* BBGLKitViewController.h */ = {isa = PBXFileReference; fileEncoding = 4; lastKnownFileType = sourcecode.c.h; name = BBGLKitViewController.h; path = ../BBGLKitViewController.h; sourceTree = "<group>"; };
		60BBB6D3169B8AC100E8E155 /* BBGLKitViewController.m */ = {isa = PBXFileReference; fileEncoding = 4; lastKnownFileType = sourcecode.c.objc; name = BBGLKitViewController.m; path = ../BBGLKitViewController.m; sourceTree = "<group>"; };
		60BBB6D9169C7F3B00E8E155 /* TREEllipse.h */ = {isa = PBXFileReference; lastKnownFileType = sourcecode.c.h; path = TREEllipse.h; sourceTree = "<group>"; };
		60BBB6DA169C7F3B00E8E155 /* TREEllipse.m */ = {isa = PBXFileReference; lastKnownFileType = sourcecode.c.objc; path = TREEllipse.m; sourceTree = "<group>"; };
		60BBB6DB169C7F3C00E8E155 /* TREShape.h */ = {isa = PBXFileReference; lastKnownFileType = sourcecode.c.h; path = TREShape.h; sourceTree = "<group>"; };
		60BBB6DC169C7F3C00E8E155 /* TREShape.m */ = {isa = PBXFileReference; lastKnownFileType = sourcecode.c.objc; path = TREShape.m; sourceTree = "<group>"; };
/* End PBXFileReference section */

/* Begin PBXFrameworksBuildPhase section */
		426DD692166EB60E009788A8 /* Frameworks */ = {
			isa = PBXFrameworksBuildPhase;
			buildActionMask = 2147483647;
			files = (
				60BBB6CC169B898C00E8E155 /* OpenGLES.framework in Frameworks */,
				60BBB6CB169B898500E8E155 /* GLKit.framework in Frameworks */,
				426EE34B167CE79500197912 /* AudioToolbox.framework in Frameworks */,
				426DD6BA166EB6AB009788A8 /* Accelerate.framework in Frameworks */,
				426DD69A166EB60E009788A8 /* UIKit.framework in Frameworks */,
				426DD69C166EB60E009788A8 /* Foundation.framework in Frameworks */,
				426DD69E166EB60E009788A8 /* CoreGraphics.framework in Frameworks */,
			);
			runOnlyForDeploymentPostprocessing = 0;
		};
/* End PBXFrameworksBuildPhase section */

/* Begin PBXGroup section */
		426DD68A166EB60D009788A8 = {
			isa = PBXGroup;
			children = (
				426DD69F166EB60E009788A8 /* Bubble Beat */,
				426DD698166EB60E009788A8 /* Frameworks */,
				426DD696166EB60E009788A8 /* Products */,
			);
			sourceTree = "<group>";
		};
		426DD696166EB60E009788A8 /* Products */ = {
			isa = PBXGroup;
			children = (
				426DD695166EB60E009788A8 /* Bubble Beat.app */,
			);
			name = Products;
			sourceTree = "<group>";
		};
		426DD698166EB60E009788A8 /* Frameworks */ = {
			isa = PBXGroup;
			children = (
				60BBB6C9169B896500E8E155 /* GLKit.framework */,
				60BBB6C6169B895B00E8E155 /* OpenGLES.framework */,
				426EE349167CE79500197912 /* AudioToolbox.framework */,
				426DD6B9166EB6AB009788A8 /* Accelerate.framework */,
				426DD699166EB60E009788A8 /* UIKit.framework */,
				426DD69B166EB60E009788A8 /* Foundation.framework */,
				426DD69D166EB60E009788A8 /* CoreGraphics.framework */,
			);
			name = Frameworks;
			sourceTree = "<group>";
		};
		426DD69F166EB60E009788A8 /* Bubble Beat */ = {
			isa = PBXGroup;
			children = (
				609E1310167265DF00BF1C58 /* DSPLib */,
				426DD6A8166EB60E009788A8 /* BBAppDelegate.h */,
				426DD6A9166EB60E009788A8 /* BBAppDelegate.m */,
				426DD6AB166EB60E009788A8 /* MainStoryboard.storyboard */,
				426DD6AE166EB60E009788A8 /* BBMainViewController.h */,
				426DD6AF166EB60E009788A8 /* BBMainViewController.m */,
				426EE346167CE74D00197912 /* BBAudioModel.h */,
				426EE347167CE74D00197912 /* BBAudioModel.m */,
				609E12821670603500BF1C58 /* OptionsView.xib */,
				609E1278166FF30200BF1C58 /* OptionsScrollView.xib */,
				60BBB6D2169B8AC100E8E155 /* BBGLKitViewController.h */,
				60BBB6D3169B8AC100E8E155 /* BBGLKitViewController.m */,
				60BBB6CD169B89BA00E8E155 /* BBGLKitView.xib */,
				60BBB6DF169DE9F800E8E155 /* Shapes */,
				609E126B166FB39200BF1C58 /* Graphics */,
				426DD6A0166EB60E009788A8 /* Supporting Files */,
			);
			path = "Bubble Beat";
			sourceTree = "<group>";
		};
		426DD6A0166EB60E009788A8 /* Supporting Files */ = {
			isa = PBXGroup;
			children = (
				426DD6A1166EB60E009788A8 /* Bubble Beat-Info.plist */,
				426DD6A2166EB60E009788A8 /* InfoPlist.strings */,
				426DD6A5166EB60E009788A8 /* main.m */,
				426DD6A7166EB60E009788A8 /* Bubble Beat-Prefix.pch */,
			);
			name = "Supporting Files";
			sourceTree = "<group>";
		};
		609E126B166FB39200BF1C58 /* Graphics */ = {
			isa = PBXGroup;
			children = (
				609E12861670609C00BF1C58 /* Default-568h@2x.png */,
				609E12841670607E00BF1C58 /* bubble2.png */,
			);
			name = Graphics;
			sourceTree = "<group>";
		};
		609E1310167265DF00BF1C58 /* DSPLib */ = {
			isa = PBXGroup;
			children = (
				609E1311167265DF00BF1C58 /* constants.h */,
				609E1312167265DF00BF1C58 /* fft.c */,
				609E1313167265DF00BF1C58 /* fft.h */,
				609E1314167265DF00BF1C58 /* util.h */,
				426EE344167CC74200197912 /* util.c */,
				426EE340167CC49300197912 /* bark.h */,
				426EE342167CC54F00197912 /* bark.c */,
			);
			path = DSPLib;
			sourceTree = "<group>";
		};
		60BBB6DF169DE9F800E8E155 /* Shapes */ = {
			isa = PBXGroup;
			children = (
				60BBB6D9169C7F3B00E8E155 /* TREEllipse.h */,
				60BBB6DA169C7F3B00E8E155 /* TREEllipse.m */,
				60BBB6DB169C7F3C00E8E155 /* TREShape.h */,
				60BBB6DC169C7F3C00E8E155 /* TREShape.m */,
			);
			name = Shapes;
			sourceTree = "<group>";
		};
/* End PBXGroup section */

/* Begin PBXNativeTarget section */
		426DD694166EB60E009788A8 /* Bubble Beat */ = {
			isa = PBXNativeTarget;
			buildConfigurationList = 426DD6B6166EB60E009788A8 /* Build configuration list for PBXNativeTarget "Bubble Beat" */;
			buildPhases = (
				426DD691166EB60E009788A8 /* Sources */,
				426DD692166EB60E009788A8 /* Frameworks */,
				426DD693166EB60E009788A8 /* Resources */,
			);
			buildRules = (
			);
			dependencies = (
			);
			name = "Bubble Beat";
			productName = "Bubble Beat";
			productReference = 426DD695166EB60E009788A8 /* Bubble Beat.app */;
			productType = "com.apple.product-type.application";
		};
/* End PBXNativeTarget section */

/* Begin PBXProject section */
		426DD68C166EB60D009788A8 /* Project object */ = {
			isa = PBXProject;
			attributes = {
				CLASSPREFIX = BB;
				LastUpgradeCheck = 0430;
				ORGANIZATIONNAME = "";
			};
			buildConfigurationList = 426DD68F166EB60D009788A8 /* Build configuration list for PBXProject "Bubble Beat" */;
			compatibilityVersion = "Xcode 3.2";
			developmentRegion = English;
			hasScannedForEncodings = 0;
			knownRegions = (
				en,
			);
			mainGroup = 426DD68A166EB60D009788A8;
			productRefGroup = 426DD696166EB60E009788A8 /* Products */;
			projectDirPath = "";
			projectRoot = "";
			targets = (
				426DD694166EB60E009788A8 /* Bubble Beat */,
			);
		};
/* End PBXProject section */

/* Begin PBXResourcesBuildPhase section */
		426DD693166EB60E009788A8 /* Resources */ = {
			isa = PBXResourcesBuildPhase;
			buildActionMask = 2147483647;
			files = (
				426DD6A4166EB60E009788A8 /* InfoPlist.strings in Resources */,
				426DD6AD166EB60E009788A8 /* MainStoryboard.storyboard in Resources */,
				609E1279166FF30200BF1C58 /* OptionsScrollView.xib in Resources */,
				609E12831670603500BF1C58 /* OptionsView.xib in Resources */,
				609E12851670607E00BF1C58 /* bubble2.png in Resources */,
				609E12871670609C00BF1C58 /* Default-568h@2x.png in Resources */,
				60BBB6CE169B89BA00E8E155 /* BBGLKitView.xib in Resources */,
			);
			runOnlyForDeploymentPostprocessing = 0;
		};
/* End PBXResourcesBuildPhase section */

/* Begin PBXSourcesBuildPhase section */
		426DD691166EB60E009788A8 /* Sources */ = {
			isa = PBXSourcesBuildPhase;
			buildActionMask = 2147483647;
			files = (
				426DD6A6166EB60E009788A8 /* main.m in Sources */,
				426DD6AA166EB60E009788A8 /* BBAppDelegate.m in Sources */,
				426DD6B0166EB60E009788A8 /* BBMainViewController.m in Sources */,
				609E1315167265DF00BF1C58 /* fft.c in Sources */,
				426EE343167CC54F00197912 /* bark.c in Sources */,
				426EE345167CC74200197912 /* util.c in Sources */,
				426EE348167CE74D00197912 /* BBAudioModel.m in Sources */,
				60BBB6D4169B8AC100E8E155 /* BBGLKitViewController.m in Sources */,
				60BBB6DD169C81F100E8E155 /* TREEllipse.m in Sources */,
				60BBB6DE169C81F700E8E155 /* TREShape.m in Sources */,
			);
			runOnlyForDeploymentPostprocessing = 0;
		};
/* End PBXSourcesBuildPhase section */

/* Begin PBXVariantGroup section */
		426DD6A2166EB60E009788A8 /* InfoPlist.strings */ = {
			isa = PBXVariantGroup;
			children = (
				426DD6A3166EB60E009788A8 /* en */,
			);
			name = InfoPlist.strings;
			sourceTree = "<group>";
		};
		426DD6AB166EB60E009788A8 /* MainStoryboard.storyboard */ = {
			isa = PBXVariantGroup;
			children = (
				426DD6AC166EB60E009788A8 /* en */,
			);
			name = MainStoryboard.storyboard;
			sourceTree = "<group>";
		};
/* End PBXVariantGroup section */

/* Begin XCBuildConfiguration section */
		426DD6B4166EB60E009788A8 /* Debug */ = {
			isa = XCBuildConfiguration;
			buildSettings = {
				ALWAYS_SEARCH_USER_PATHS = NO;
				ARCHS = "$(ARCHS_STANDARD_32_BIT)";
				CLANG_ENABLE_OBJC_ARC = YES;
				"CODE_SIGN_IDENTITY[sdk=iphoneos*]" = "iPhone Developer";
				COPY_PHASE_STRIP = NO;
				GCC_C_LANGUAGE_STANDARD = gnu99;
				GCC_DYNAMIC_NO_PIC = NO;
				GCC_OPTIMIZATION_LEVEL = 0;
				GCC_PREPROCESSOR_DEFINITIONS = (
					"DEBUG=1",
					"$(inherited)",
				);
				GCC_SYMBOLS_PRIVATE_EXTERN = NO;
				GCC_VERSION = com.apple.compilers.llvm.clang.1_0;
				GCC_WARN_ABOUT_RETURN_TYPE = YES;
				GCC_WARN_UNINITIALIZED_AUTOS = YES;
				GCC_WARN_UNUSED_VARIABLE = YES;
				IPHONEOS_DEPLOYMENT_TARGET = 5.1;
				SDKROOT = iphoneos;
			};
			name = Debug;
		};
		426DD6B5166EB60E009788A8 /* Release */ = {
			isa = XCBuildConfiguration;
			buildSettings = {
				ALWAYS_SEARCH_USER_PATHS = NO;
				ARCHS = "$(ARCHS_STANDARD_32_BIT)";
				CLANG_ENABLE_OBJC_ARC = YES;
				"CODE_SIGN_IDENTITY[sdk=iphoneos*]" = "iPhone Developer";
				COPY_PHASE_STRIP = YES;
				GCC_C_LANGUAGE_STANDARD = gnu99;
				GCC_VERSION = com.apple.compilers.llvm.clang.1_0;
				GCC_WARN_ABOUT_RETURN_TYPE = YES;
				GCC_WARN_UNINITIALIZED_AUTOS = YES;
				GCC_WARN_UNUSED_VARIABLE = YES;
				IPHONEOS_DEPLOYMENT_TARGET = 5.1;
				OTHER_CFLAGS = "-DNS_BLOCK_ASSERTIONS=1";
				SDKROOT = iphoneos;
				VALIDATE_PRODUCT = YES;
			};
			name = Release;
		};
		426DD6B7166EB60E009788A8 /* Debug */ = {
			isa = XCBuildConfiguration;
			buildSettings = {
				GCC_PRECOMPILE_PREFIX_HEADER = YES;
				GCC_PREFIX_HEADER = "Bubble Beat/Bubble Beat-Prefix.pch";
				INFOPLIST_FILE = "Bubble Beat/Bubble Beat-Info.plist";
				IPHONEOS_DEPLOYMENT_TARGET = 6.0;
				PRODUCT_NAME = "$(TARGET_NAME)";
				TARGETED_DEVICE_FAMILY = "1,2";
				WRAPPER_EXTENSION = app;
			};
			name = Debug;
		};
		426DD6B8166EB60E009788A8 /* Release */ = {
			isa = XCBuildConfiguration;
			buildSettings = {
				GCC_PRECOMPILE_PREFIX_HEADER = YES;
				GCC_PREFIX_HEADER = "Bubble Beat/Bubble Beat-Prefix.pch";
				INFOPLIST_FILE = "Bubble Beat/Bubble Beat-Info.plist";
				IPHONEOS_DEPLOYMENT_TARGET = 6.0;
				PRODUCT_NAME = "$(TARGET_NAME)";
				TARGETED_DEVICE_FAMILY = "1,2";
				WRAPPER_EXTENSION = app;
			};
			name = Release;
		};
/* End XCBuildConfiguration section */

/* Begin XCConfigurationList section */
		426DD68F166EB60D009788A8 /* Build configuration list for PBXProject "Bubble Beat" */ = {
			isa = XCConfigurationList;
			buildConfigurations = (
				426DD6B4166EB60E009788A8 /* Debug */,
				426DD6B5166EB60E009788A8 /* Release */,
			);
			defaultConfigurationIsVisible = 0;
			defaultConfigurationName = Release;
		};
		426DD6B6166EB60E009788A8 /* Build configuration list for PBXNativeTarget "Bubble Beat" */ = {
			isa = XCConfigurationList;
			buildConfigurations = (
				426DD6B7166EB60E009788A8 /* Debug */,
				426DD6B8166EB60E009788A8 /* Release */,
			);
			defaultConfigurationIsVisible = 0;
			defaultConfigurationName = Release;
		};
/* End XCConfigurationList section */
	};
	rootObject = 426DD68C166EB60D009788A8 /* Project object */;
}
